dependencies:
- name: zookeeper
  repository: file://../zookeeper
  version: 0.1.0-badh0.1.0
- name: ignite
  repository: file://../ignite
  version: 0.1.0-badh0.1.0
- name: yarn_rm
  repository: file://../yarn_rm
  version: 0.1.0-badh0.1.0
digest: sha256:e5be57bc8c265057d05d51563647a632be59fe01c18a6997565fff1c8aefb4d5
generated: 2018-09-19T19:10:52.450807108+02:00
