dependencies:
- name: zookeeper
  repository: http://charts.barbarians.io/barbarian
  version: 0.1.0-badh0.1.0
- name: ignite
  repository: http://charts.barbarians.io/barbarian
  version: 0.1.0-badh0.1.0
- name: yarn_rm
  repository: http://charts.barbarians.io/barbarian
  version: 0.1.0-badh0.1.0
digest: sha256:38af1a5b3dc588a1bc44776611ac7229b5780b14f3e94d1cbce9a3352349b4ea
generated: 2018-09-19T21:10:17.780188348Z
