dependencies:
- name: zookeeper
  repository: http://charts.barbarians.io/barbarian
  version: 0.1.0-badh0.1.0
- name: ignite
  repository: http://charts.barbarians.io/barbarian
  version: 0.1.0-badh0.1.0
- name: yarn_rm
  repository: http://charts.barbarians.io/barbarian
  version: 0.1.0-badh0.1.0
- name: mariadb
  repository: https://kubernetes-charts.storage.googleapis.com/
  version: 4.4.2
digest: sha256:d1e31a715d05ca541d148b5f0929169222ab29f3157ba2d813c5e9fabf6cc99b
generated: 2018-09-19T21:12:19.88497765Z
