dependencies:
- name: zookeeper
  repository: http://charts.barbarians.io/barbarian
  version: 0.1.0-badh0.1.0
- name: yarn_rm
  repository: http://charts.barbarians.io/barbarian
  version: 0.1.0-badh0.1.0
- name: ignite
  repository: http://charts.barbarians.io/barbarian
  version: 0.1.0-badh0.1.0
- name: hive_hms
  repository: http://charts.barbarians.io/barbarian
  version: 0.1.0-badh0.1.0
digest: sha256:c055436138b95970a3017347f8725a335631b47e3747af181ed0c71836314be4
generated: 2018-09-19T21:14:20.582353811Z
