dependencies:
- name: zookeeper
  repository: file://../zookeeper
  version: 0.1.0-badh0.1.0
- name: yarn_rm
  repository: file://../yarn_rm
  version: 0.1.0-badh0.1.0
- name: ignite
  repository: file://../ignite
  version: 0.1.0-badh0.1.0
- name: hive_hms
  repository: file://../hive_hms
  version: 0.1.0-badh0.1.0
digest: sha256:3c45dcbad60353b3ed722788f1be3a19aeb1f1d29a703697926bc327c43ff6d6
generated: 2018-09-19T19:41:01.657561755+02:00
