dependencies:
- name: zookeeper
  repository: file://../zookeeper
  version: 0.1.0-badh0.1.0
- name: ignite
  repository: file://../ignite
  version: 0.1.0-badh0.1.0
- name: yarn_nm
  repository: file://../yarn-nm
  version: 0.1.0-badh0.1.0
- name: yarn_rm
  repository: file://../yarn-rm
  version: 0.1.0-badh0.1.0
- name: hive_hms
  repository: file://../hive-hms
  version: 0.1.0-badh0.1.0
- name: hive_hs2
  repository: file://../hive-hs2
  version: 0.1.0-badh0.1.0
digest: sha256:4ecdf3962829bc7914a633c76ee057427e33c44ab27903e5d10ff4c350cdebb6
generated: 2018-09-17T19:12:58.005607562+02:00
