dependencies:
- name: zookeeper
  repository: file://../zookeeper
  version: 0.1.0-badh0.1.0
- name: ignite
  repository: file://../ignite
  version: 0.1.0-badh0.1.0
- name: yarn_nm
  repository: file://../yarn_nm
  version: 0.1.0-badh0.1.0
- name: yarn_rm
  repository: file://../yarn_rm
  version: 0.1.0-badh0.1.0
- name: hive_hms
  repository: file://../hive_hms
  version: 0.1.0-badh0.1.0
- name: hive_hs2
  repository: file://../hive_hs2
  version: 0.1.0-badh0.1.0
- name: mariadb
  repository: https://kubernetes-charts.storage.googleapis.com/
  version: 4.4.2
digest: sha256:238f3e8232435eaca5b7e530dc89b075141a5dcb703019cfaa4e84fe5eb553f5
generated: 2018-09-18T08:41:42.003002876+02:00
