dependencies:
- name: zookeeper
  repository: http://charts.barbarians.io/barbarian
  version: 0.1.0-badh0.1.0
- name: ignite
  repository: http://charts.barbarians.io/barbarian
  version: 0.1.0-badh0.1.0
- name: yarn_nm
  repository: http://charts.barbarians.io/barbarian
  version: 0.1.0-badh0.1.0
- name: yarn_rm
  repository: http://charts.barbarians.io/barbarian
  version: 0.1.0-badh0.1.0
- name: hive_hms
  repository: http://charts.barbarians.io/barbarian
  version: 0.1.0-badh0.1.0
- name: hive_hs2
  repository: http://charts.barbarians.io/barbarian
  version: 0.1.0-badh0.1.0
- name: mariadb
  repository: https://kubernetes-charts.storage.googleapis.com/
  version: 4.4.2
digest: sha256:d1dada9311856b07adc3741d33c121981496c24dfcd3d7d02a41b9ea22cbfe3b
generated: 2018-09-19T21:19:08.351132096Z
